<?xml version="1.0"?>
<CONFIG>
  <ProjectOptions>
    <Version Value="7"/>
    <General>
      <Flags>
        <UseDefaultCompilerOptions Value="True"/>
      </Flags>
      <MainUnit Value="0"/>
      <TargetFileExt Value=""/>
      <UseXPManifest Value="True"/>
      <ActiveEditorIndexAtStart Value="0"/>
    </General>
    <VersionInfo>
      <ProjectVersion Value=""/>
      <Language Value=""/>
      <CharSet Value=""/>
    </VersionInfo>
    <PublishOptions>
      <Version Value="2"/>
      <IgnoreBinaries Value="False"/>
      <IncludeFileFilter Value="*.(pas|pp|inc|lfm|lpr|lrs|lpi|lpk|sh|xml)"/>
      <ExcludeFileFilter Value="*.(bak|ppu|ppw|o|so);*~;backup"/>
    </PublishOptions>
    <RunParams>
      <local>
        <FormatVersion Value="1"/>
        <LaunchingApplication PathPlusParams="/usr/X11R6/bin/xterm -T 'Lazarus Run Output' -e $(LazarusDir)/tools/runwait.sh $(TargetCmdLine)"/>
      </local>
    </RunParams>
    <RequiredPackages Count="4">
      <Item1>
        <PackageName Value="FCL"/>
        <MinVersion Major="1" Valid="True"/>
      </Item1>
      <Item2>
        <PackageName Value="fbdemofpc"/>
        <MinVersion Major="1" Minor="9" Release="3" Build="34" Valid="True"/>
      </Item2>
      <Item3>
        <PackageName Value="UIBLaz"/>
        <MinVersion Major="1" Valid="True"/>
      </Item3>
      <Item4>
        <PackageName Value="LCL"/>
      </Item4>
    </RequiredPackages>
    <Units Count="12">
      <Unit0>
        <Filename Value="project1.lpr"/>
        <IsPartOfProject Value="True"/>
        <UnitName Value="project1"/>
        <CursorPos X="8" Y="11"/>
        <TopLine Value="1"/>
        <UsageCount Value="20"/>
      </Unit0>
      <Unit1>
        <Filename Value="unit1.pas"/>
        <IsPartOfProject Value="True"/>
        <ComponentName Value="Form1"/>
        <ResourceBaseClass Value="Form"/>
        <UnitName Value="Unit1"/>
        <CursorPos X="35" Y="80"/>
        <TopLine Value="60"/>
        <EditorIndex Value="0"/>
        <UsageCount Value="20"/>
        <Loaded Value="True"/>
      </Unit1>
      <Unit2>
        <Filename Value="../../../../../usr/local/share/lazarus/components/FBDataSet/fbcustomdataset.pas"/>
        <UnitName Value="fbcustomdataset"/>
        <CursorPos X="48" Y="93"/>
        <TopLine Value="75"/>
        <UsageCount Value="10"/>
        <Bookmarks Count="3">
          <Item0 X="33" Y="2980" ID="1"/>
          <Item1 X="1" Y="926" ID="2"/>
          <Item2 X="15" Y="464" ID="3"/>
        </Bookmarks>
      </Unit2>
      <Unit3>
        <Filename Value="../../../../../usr/local/share/lazarus/components/FBDataSet/mydbunit.pas"/>
        <UnitName Value="mydbunit"/>
        <CursorPos X="22" Y="32"/>
        <TopLine Value="12"/>
        <UsageCount Value="10"/>
      </Unit3>
      <Unit4>
        <Filename Value="../../../install/fpcsrc/rtl/objpas/classes/classesh.inc"/>
        <CursorPos X="3" Y="160"/>
        <TopLine Value="142"/>
        <UsageCount Value="10"/>
      </Unit4>
      <Unit5>
        <Filename Value="../../../install/fpcsrc/packages/fcl-db/src/base/db.pas"/>
        <UnitName Value="db"/>
        <CursorPos X="25" Y="1060"/>
        <TopLine Value="1042"/>
        <UsageCount Value="10"/>
      </Unit5>
      <Unit6>
        <Filename Value="../../../install/fpcsrc/packages/fcl-db/src/base/dataset.inc"/>
        <CursorPos X="12" Y="2119"/>
        <TopLine Value="2104"/>
        <UsageCount Value="10"/>
      </Unit6>
      <Unit7>
        <Filename Value="../../../../../usr/local/share/lazarus/components/FBDataSet/fbcustomdatasetsqleditortestl.pas"/>
        <ComponentName Value="FBCustomDataSetSQLEditorTestForm"/>
        <HasResources Value="True"/>
        <ResourceBaseClass Value="Form"/>
        <UnitName Value="FBCustomDataSetSQLEditorTestL"/>
        <CursorPos X="1" Y="1"/>
        <TopLine Value="1"/>
        <UsageCount Value="10"/>
      </Unit7>
      <Unit8>
        <Filename Value="../../../../../usr/local/share/lazarus/components/FBDataSet/fbcustomdatasetsqleditorl.pas"/>
        <ComponentName Value="FBCustomDataSetSQLEditor"/>
        <HasResources Value="True"/>
        <ResourceBaseClass Value="Form"/>
        <UnitName Value="fbcustomdatasetsqleditorl"/>
        <CursorPos X="13" Y="198"/>
        <TopLine Value="169"/>
        <UsageCount Value="10"/>
      </Unit8>
      <Unit9>
        <Filename Value="../../../../../usr/local/share/lazarus/lcl/buttonpanel.pas"/>
        <UnitName Value="ButtonPanel"/>
        <CursorPos X="1" Y="479"/>
        <TopLine Value="461"/>
        <UsageCount Value="10"/>
      </Unit9>
      <Unit10>
        <Filename Value="../../../../../usr/local/share/lazarus/lcl/stdctrls.pp"/>
        <UnitName Value="StdCtrls"/>
        <CursorPos X="20" Y="1127"/>
        <TopLine Value="1109"/>
        <UsageCount Value="10"/>
      </Unit10>
      <Unit11>
        <Filename Value="../../../../../usr/local/share/lazarus/lcl/controls.pp"/>
        <UnitName Value="Controls"/>
        <CursorPos X="3" Y="538"/>
        <TopLine Value="564"/>
        <UsageCount Value="10"/>
      </Unit11>
    </Units>
    <JumpHistory Count="23" HistoryIndex="22">
      <Position1>
        <Filename Value="unit1.pas"/>
        <Caret Line="74" Column="1" TopLine="71"/>
      </Position1>
      <Position2>
        <Filename Value="unit1.pas"/>
        <Caret Line="73" Column="1" TopLine="71"/>
      </Position2>
      <Position3>
        <Filename Value="unit1.pas"/>
        <Caret Line="72" Column="1" TopLine="71"/>
      </Position3>
      <Position4>
        <Filename Value="unit1.pas"/>
        <Caret Line="71" Column="1" TopLine="71"/>
      </Position4>
      <Position5>
        <Filename Value="unit1.pas"/>
        <Caret Line="70" Column="1" TopLine="70"/>
      </Position5>
      <Position6>
        <Filename Value="unit1.pas"/>
        <Caret Line="69" Column="1" TopLine="69"/>
      </Position6>
      <Position7>
        <Filename Value="unit1.pas"/>
        <Caret Line="68" Column="1" TopLine="68"/>
      </Position7>
      <Position8>
        <Filename Value="unit1.pas"/>
        <Caret Line="67" Column="1" TopLine="67"/>
      </Position8>
      <Position9>
        <Filename Value="unit1.pas"/>
        <Caret Line="66" Column="1" TopLine="66"/>
      </Position9>
      <Position10>
        <Filename Value="unit1.pas"/>
        <Caret Line="65" Column="1" TopLine="65"/>
      </Position10>
      <Position11>
        <Filename Value="unit1.pas"/>
        <Caret Line="66" Column="1" TopLine="65"/>
      </Position11>
      <Position12>
        <Filename Value="unit1.pas"/>
        <Caret Line="67" Column="1" TopLine="65"/>
      </Position12>
      <Position13>
        <Filename Value="unit1.pas"/>
        <Caret Line="68" Column="1" TopLine="65"/>
      </Position13>
      <Position14>
        <Filename Value="unit1.pas"/>
        <Caret Line="69" Column="1" TopLine="65"/>
      </Position14>
      <Position15>
        <Filename Value="unit1.pas"/>
        <Caret Line="70" Column="1" TopLine="65"/>
      </Position15>
      <Position16>
        <Filename Value="unit1.pas"/>
        <Caret Line="71" Column="1" TopLine="65"/>
      </Position16>
      <Position17>
        <Filename Value="unit1.pas"/>
        <Caret Line="72" Column="1" TopLine="65"/>
      </Position17>
      <Position18>
        <Filename Value="unit1.pas"/>
        <Caret Line="73" Column="1" TopLine="65"/>
      </Position18>
      <Position19>
        <Filename Value="unit1.pas"/>
        <Caret Line="74" Column="1" TopLine="65"/>
      </Position19>
      <Position20>
        <Filename Value="unit1.pas"/>
        <Caret Line="75" Column="1" TopLine="65"/>
      </Position20>
      <Position21>
        <Filename Value="unit1.pas"/>
        <Caret Line="76" Column="1" TopLine="65"/>
      </Position21>
      <Position22>
        <Filename Value="unit1.pas"/>
        <Caret Line="77" Column="51" TopLine="73"/>
      </Position22>
      <Position23>
        <Filename Value="unit1.pas"/>
        <Caret Line="69" Column="25" TopLine="57"/>
      </Position23>
    </JumpHistory>
  </ProjectOptions>
  <CompilerOptions>
    <Version Value="8"/>
    <Target>
      <Filename Value="project1"/>
    </Target>
    <SearchPaths>
      <IncludeFiles Value="$(ProjOutDir)/"/>
      <UnitOutputDirectory Value="lib/$(TargetCPU)-$(TargetOS)"/>
    </SearchPaths>
    <Linking>
      <Options>
        <Win32>
          <GraphicApplication Value="True"/>
        </Win32>
      </Options>
    </Linking>
    <Other>
      <CompilerPath Value="$(CompPath)"/>
    </Other>
  </CompilerOptions>
  <Debugging>
    <Exceptions Count="4">
      <Item1>
        <Name Value="EAbort"/>
      </Item1>
      <Item2>
        <Name Value="ECodetoolError"/>
      </Item2>
      <Item3>
        <Name Value="EFOpenError"/>
      </Item3>
      <Item4>
        <Name Value="EFBError"/>
      </Item4>
    </Exceptions>
  </Debugging>
</CONFIG>
